// !$*UTF8*$!
{
	archiveVersion = 1;
	classes = {
	};
	objectVersion = 50;
	objects = {

/* Begin PBXBuildFile section */
		82678DEB227DA347003D19F8 /* SearchResult.swift in Sources */ = {isa = PBXBuildFile; fileRef = 82678DEA227DA347003D19F8 /* SearchResult.swift */; };
		82678DEE227DA6E6003D19F8 /* Service.swift in Sources */ = {isa = PBXBuildFile; fileRef = 82678DED227DA6E6003D19F8 /* Service.swift */; };
		82678DF1227DCDE7003D19F8 /* SDWebImage.framework in Frameworks */ = {isa = PBXBuildFile; fileRef = 82678DF0227DCDE7003D19F8 /* SDWebImage.framework */; };
		82678DF4227E8F8C003D19F8 /* AppsPageController.swift in Sources */ = {isa = PBXBuildFile; fileRef = 82678DF3227E8F8C003D19F8 /* AppsPageController.swift */; };
		82678DF6227E909C003D19F8 /* BaseListController.swift in Sources */ = {isa = PBXBuildFile; fileRef = 82678DF5227E909C003D19F8 /* BaseListController.swift */; };
		8275D585227E931D008A0816 /* AppsGroupCell.swift in Sources */ = {isa = PBXBuildFile; fileRef = 8275D584227E931D008A0816 /* AppsGroupCell.swift */; };
		8275D587227E9573008A0816 /* UILabel+.swift in Sources */ = {isa = PBXBuildFile; fileRef = 8275D586227E9573008A0816 /* UILabel+.swift */; };
		8275D589227E985C008A0816 /* AppsHorizontalController.swift in Sources */ = {isa = PBXBuildFile; fileRef = 8275D588227E985C008A0816 /* AppsHorizontalController.swift */; };
		8275D58B227E9D36008A0816 /* AppRowCell.swift in Sources */ = {isa = PBXBuildFile; fileRef = 8275D58A227E9D36008A0816 /* AppRowCell.swift */; };
		8275D58D227E9EB0008A0816 /* UIImageView+.swift in Sources */ = {isa = PBXBuildFile; fileRef = 8275D58C227E9EB0008A0816 /* UIImageView+.swift */; };
		8275D58F227E9F3D008A0816 /* UIButton+.swift in Sources */ = {isa = PBXBuildFile; fileRef = 8275D58E227E9F3D008A0816 /* UIButton+.swift */; };
		8275D592227EA6E8008A0816 /* AppsPageHeader.swift in Sources */ = {isa = PBXBuildFile; fileRef = 8275D591227EA6E8008A0816 /* AppsPageHeader.swift */; };
		8275D594227EA88A008A0816 /* AppsPageHeaderHorizontalController.swift in Sources */ = {isa = PBXBuildFile; fileRef = 8275D593227EA88A008A0816 /* AppsPageHeaderHorizontalController.swift */; };
		8275D596227EACA8008A0816 /* AppsPageHeaderCell.swift in Sources */ = {isa = PBXBuildFile; fileRef = 8275D595227EACA8008A0816 /* AppsPageHeaderCell.swift */; };
		8275D59D227EB605008A0816 /* AppFeed.swift in Sources */ = {isa = PBXBuildFile; fileRef = 8275D59C227EB605008A0816 /* AppFeed.swift */; };
		8275D59F227EC7BB008A0816 /* SocialApp.swift in Sources */ = {isa = PBXBuildFile; fileRef = 8275D59E227EC7BB008A0816 /* SocialApp.swift */; };
		8275D5A1227ED64F008A0816 /* APIClient.swift in Sources */ = {isa = PBXBuildFile; fileRef = 8275D5A0227ED64F008A0816 /* APIClient.swift */; };
		8275D5A3227ED8CD008A0816 /* HorizontalSnappingController.swift in Sources */ = {isa = PBXBuildFile; fileRef = 8275D5A2227ED8CD008A0816 /* HorizontalSnappingController.swift */; };
		8275D5A5227ED934008A0816 /* SnappingLayout.swift in Sources */ = {isa = PBXBuildFile; fileRef = 8275D5A4227ED934008A0816 /* SnappingLayout.swift */; };
		8275D5A7227EDE49008A0816 /* BetterSnappingLayout.swift in Sources */ = {isa = PBXBuildFile; fileRef = 8275D5A6227EDE49008A0816 /* BetterSnappingLayout.swift */; };
		8275D5AB227EE78B008A0816 /* AppDetailController.swift in Sources */ = {isa = PBXBuildFile; fileRef = 8275D5AA227EE78B008A0816 /* AppDetailController.swift */; };
		8275D5AE227EEB49008A0816 /* AppDetailCell.swift in Sources */ = {isa = PBXBuildFile; fileRef = 8275D5AD227EEB49008A0816 /* AppDetailCell.swift */; };
		8275D5B0227EF13A008A0816 /* UIStackView+.swift in Sources */ = {isa = PBXBuildFile; fileRef = 8275D5AF227EF13A008A0816 /* UIStackView+.swift */; };
		8275D5B2227F2EEF008A0816 /* PreviewCell.swift in Sources */ = {isa = PBXBuildFile; fileRef = 8275D5B1227F2EEF008A0816 /* PreviewCell.swift */; };
		8275D5B5227F30A0008A0816 /* PreviewScreenshotsController.swift in Sources */ = {isa = PBXBuildFile; fileRef = 8275D5B4227F30A0008A0816 /* PreviewScreenshotsController.swift */; };
		8275D5B7227F322F008A0816 /* ScreenshotCell.swift in Sources */ = {isa = PBXBuildFile; fileRef = 8275D5B6227F322F008A0816 /* ScreenshotCell.swift */; };
		8275D5B9227F3778008A0816 /* ReviewRowCell.swift in Sources */ = {isa = PBXBuildFile; fileRef = 8275D5B8227F3778008A0816 /* ReviewRowCell.swift */; };
		8275D5BB227F39C9008A0816 /* ReviewsController.swift in Sources */ = {isa = PBXBuildFile; fileRef = 8275D5BA227F39C9008A0816 /* ReviewsController.swift */; };
		8275D5BD227F3B5B008A0816 /* ReviewCell.swift in Sources */ = {isa = PBXBuildFile; fileRef = 8275D5BC227F3B5B008A0816 /* ReviewCell.swift */; };
		8275D5BF227F3FF2008A0816 /* Reviews.swift in Sources */ = {isa = PBXBuildFile; fileRef = 8275D5BE227F3FF2008A0816 /* Reviews.swift */; };
		82A18FC7227D8B37007BC7FD /* SearchResultCell.swift in Sources */ = {isa = PBXBuildFile; fileRef = 82A18FC6227D8B37007BC7FD /* SearchResultCell.swift */; };
		82A18FCA227D9388007BC7FD /* UIView+.swift in Sources */ = {isa = PBXBuildFile; fileRef = 82A18FC9227D9388007BC7FD /* UIView+.swift */; };
		82A18FCC227D97E8007BC7FD /* VerticalStackView.swift in Sources */ = {isa = PBXBuildFile; fileRef = 82A18FCB227D97E8007BC7FD /* VerticalStackView.swift */; };
		82F31C8A227D73E500E17BFD /* AppDelegate.swift in Sources */ = {isa = PBXBuildFile; fileRef = 82F31C89227D73E500E17BFD /* AppDelegate.swift */; };
		82F31C8F227D73E500E17BFD /* Main.storyboard in Resources */ = {isa = PBXBuildFile; fileRef = 82F31C8D227D73E500E17BFD /* Main.storyboard */; };
		82F31C91227D73E600E17BFD /* Assets.xcassets in Resources */ = {isa = PBXBuildFile; fileRef = 82F31C90227D73E600E17BFD /* Assets.xcassets */; };
		82F31C94227D73E600E17BFD /* LaunchScreen.storyboard in Resources */ = {isa = PBXBuildFile; fileRef = 82F31C92227D73E600E17BFD /* LaunchScreen.storyboard */; };
		82F31C9C227D77FB00E17BFD /* BaseTabBarController.swift in Sources */ = {isa = PBXBuildFile; fileRef = 82F31C9B227D77FB00E17BFD /* BaseTabBarController.swift */; };
		82F31C9F227D844B00E17BFD /* AppsSearchController.swift in Sources */ = {isa = PBXBuildFile; fileRef = 82F31C9E227D844B00E17BFD /* AppsSearchController.swift */; };
/* End PBXBuildFile section */

/* Begin PBXFileReference section */
		82678DEA227DA347003D19F8 /* SearchResult.swift */ = {isa = PBXFileReference; lastKnownFileType = sourcecode.swift; path = SearchResult.swift; sourceTree = "<group>"; };
		82678DED227DA6E6003D19F8 /* Service.swift */ = {isa = PBXFileReference; lastKnownFileType = sourcecode.swift; path = Service.swift; sourceTree = "<group>"; };
		82678DF0227DCDE7003D19F8 /* SDWebImage.framework */ = {isa = PBXFileReference; lastKnownFileType = wrapper.framework; name = SDWebImage.framework; path = Carthage/Build/iOS/SDWebImage.framework; sourceTree = "<group>"; };
		82678DF3227E8F8C003D19F8 /* AppsPageController.swift */ = {isa = PBXFileReference; lastKnownFileType = sourcecode.swift; path = AppsPageController.swift; sourceTree = "<group>"; };
		82678DF5227E909C003D19F8 /* BaseListController.swift */ = {isa = PBXFileReference; lastKnownFileType = sourcecode.swift; path = BaseListController.swift; sourceTree = "<group>"; };
		8275D584227E931D008A0816 /* AppsGroupCell.swift */ = {isa = PBXFileReference; lastKnownFileType = sourcecode.swift; path = AppsGroupCell.swift; sourceTree = "<group>"; };
		8275D586227E9573008A0816 /* UILabel+.swift */ = {isa = PBXFileReference; lastKnownFileType = sourcecode.swift; path = "UILabel+.swift"; sourceTree = "<group>"; };
		8275D588227E985C008A0816 /* AppsHorizontalController.swift */ = {isa = PBXFileReference; lastKnownFileType = sourcecode.swift; path = AppsHorizontalController.swift; sourceTree = "<group>"; };
		8275D58A227E9D36008A0816 /* AppRowCell.swift */ = {isa = PBXFileReference; lastKnownFileType = sourcecode.swift; path = AppRowCell.swift; sourceTree = "<group>"; };
		8275D58C227E9EB0008A0816 /* UIImageView+.swift */ = {isa = PBXFileReference; lastKnownFileType = sourcecode.swift; path = "UIImageView+.swift"; sourceTree = "<group>"; };
		8275D58E227E9F3D008A0816 /* UIButton+.swift */ = {isa = PBXFileReference; lastKnownFileType = sourcecode.swift; path = "UIButton+.swift"; sourceTree = "<group>"; };
		8275D591227EA6E8008A0816 /* AppsPageHeader.swift */ = {isa = PBXFileReference; lastKnownFileType = sourcecode.swift; path = AppsPageHeader.swift; sourceTree = "<group>"; };
		8275D593227EA88A008A0816 /* AppsPageHeaderHorizontalController.swift */ = {isa = PBXFileReference; lastKnownFileType = sourcecode.swift; path = AppsPageHeaderHorizontalController.swift; sourceTree = "<group>"; };
		8275D595227EACA8008A0816 /* AppsPageHeaderCell.swift */ = {isa = PBXFileReference; lastKnownFileType = sourcecode.swift; path = AppsPageHeaderCell.swift; sourceTree = "<group>"; };
		8275D59C227EB605008A0816 /* AppFeed.swift */ = {isa = PBXFileReference; lastKnownFileType = sourcecode.swift; path = AppFeed.swift; sourceTree = "<group>"; };
		8275D59E227EC7BB008A0816 /* SocialApp.swift */ = {isa = PBXFileReference; lastKnownFileType = sourcecode.swift; path = SocialApp.swift; sourceTree = "<group>"; };
		8275D5A0227ED64F008A0816 /* APIClient.swift */ = {isa = PBXFileReference; lastKnownFileType = sourcecode.swift; path = APIClient.swift; sourceTree = "<group>"; };
		8275D5A2227ED8CD008A0816 /* HorizontalSnappingController.swift */ = {isa = PBXFileReference; lastKnownFileType = sourcecode.swift; path = HorizontalSnappingController.swift; sourceTree = "<group>"; };
		8275D5A4227ED934008A0816 /* SnappingLayout.swift */ = {isa = PBXFileReference; lastKnownFileType = sourcecode.swift; path = SnappingLayout.swift; sourceTree = "<group>"; };
		8275D5A6227EDE49008A0816 /* BetterSnappingLayout.swift */ = {isa = PBXFileReference; lastKnownFileType = sourcecode.swift; path = BetterSnappingLayout.swift; sourceTree = "<group>"; };
		8275D5AA227EE78B008A0816 /* AppDetailController.swift */ = {isa = PBXFileReference; lastKnownFileType = sourcecode.swift; path = AppDetailController.swift; sourceTree = "<group>"; };
		8275D5AD227EEB49008A0816 /* AppDetailCell.swift */ = {isa = PBXFileReference; lastKnownFileType = sourcecode.swift; path = AppDetailCell.swift; sourceTree = "<group>"; };
		8275D5AF227EF13A008A0816 /* UIStackView+.swift */ = {isa = PBXFileReference; lastKnownFileType = sourcecode.swift; path = "UIStackView+.swift"; sourceTree = "<group>"; };
		8275D5B1227F2EEF008A0816 /* PreviewCell.swift */ = {isa = PBXFileReference; lastKnownFileType = sourcecode.swift; path = PreviewCell.swift; sourceTree = "<group>"; };
		8275D5B4227F30A0008A0816 /* PreviewScreenshotsController.swift */ = {isa = PBXFileReference; lastKnownFileType = sourcecode.swift; path = PreviewScreenshotsController.swift; sourceTree = "<group>"; };
		8275D5B6227F322F008A0816 /* ScreenshotCell.swift */ = {isa = PBXFileReference; lastKnownFileType = sourcecode.swift; path = ScreenshotCell.swift; sourceTree = "<group>"; };
		8275D5B8227F3778008A0816 /* ReviewRowCell.swift */ = {isa = PBXFileReference; lastKnownFileType = sourcecode.swift; path = ReviewRowCell.swift; sourceTree = "<group>"; };
		8275D5BA227F39C9008A0816 /* ReviewsController.swift */ = {isa = PBXFileReference; lastKnownFileType = sourcecode.swift; path = ReviewsController.swift; sourceTree = "<group>"; };
		8275D5BC227F3B5B008A0816 /* ReviewCell.swift */ = {isa = PBXFileReference; lastKnownFileType = sourcecode.swift; path = ReviewCell.swift; sourceTree = "<group>"; };
		8275D5BE227F3FF2008A0816 /* Reviews.swift */ = {isa = PBXFileReference; lastKnownFileType = sourcecode.swift; path = Reviews.swift; sourceTree = "<group>"; };
		82A18FC6227D8B37007BC7FD /* SearchResultCell.swift */ = {isa = PBXFileReference; lastKnownFileType = sourcecode.swift; path = SearchResultCell.swift; sourceTree = "<group>"; };
		82A18FC9227D9388007BC7FD /* UIView+.swift */ = {isa = PBXFileReference; lastKnownFileType = sourcecode.swift; path = "UIView+.swift"; sourceTree = "<group>"; };
		82A18FCB227D97E8007BC7FD /* VerticalStackView.swift */ = {isa = PBXFileReference; lastKnownFileType = sourcecode.swift; path = VerticalStackView.swift; sourceTree = "<group>"; };
		82F31C86227D73E500E17BFD /* sampleAppStore.app */ = {isa = PBXFileReference; explicitFileType = wrapper.application; includeInIndex = 0; path = sampleAppStore.app; sourceTree = BUILT_PRODUCTS_DIR; };
		82F31C89227D73E500E17BFD /* AppDelegate.swift */ = {isa = PBXFileReference; lastKnownFileType = sourcecode.swift; path = AppDelegate.swift; sourceTree = "<group>"; };
		82F31C8E227D73E500E17BFD /* Base */ = {isa = PBXFileReference; lastKnownFileType = file.storyboard; name = Base; path = Base.lproj/Main.storyboard; sourceTree = "<group>"; };
		82F31C90227D73E600E17BFD /* Assets.xcassets */ = {isa = PBXFileReference; lastKnownFileType = folder.assetcatalog; path = Assets.xcassets; sourceTree = "<group>"; };
		82F31C93227D73E600E17BFD /* Base */ = {isa = PBXFileReference; lastKnownFileType = file.storyboard; name = Base; path = Base.lproj/LaunchScreen.storyboard; sourceTree = "<group>"; };
		82F31C95227D73E600E17BFD /* Info.plist */ = {isa = PBXFileReference; lastKnownFileType = text.plist.xml; path = Info.plist; sourceTree = "<group>"; };
		82F31C9B227D77FB00E17BFD /* BaseTabBarController.swift */ = {isa = PBXFileReference; lastKnownFileType = sourcecode.swift; path = BaseTabBarController.swift; sourceTree = "<group>"; };
		82F31C9E227D844B00E17BFD /* AppsSearchController.swift */ = {isa = PBXFileReference; lastKnownFileType = sourcecode.swift; path = AppsSearchController.swift; sourceTree = "<group>"; };
/* End PBXFileReference section */

/* Begin PBXFrameworksBuildPhase section */
		82F31C83227D73E500E17BFD /* Frameworks */ = {
			isa = PBXFrameworksBuildPhase;
			buildActionMask = 2147483647;
			files = (
				82678DF1227DCDE7003D19F8 /* SDWebImage.framework in Frameworks */,
			);
			runOnlyForDeploymentPostprocessing = 0;
		};
/* End PBXFrameworksBuildPhase section */

/* Begin PBXGroup section */
		82678DEC227DA6D3003D19F8 /* Service */ = {
			isa = PBXGroup;
			children = (
				82678DED227DA6E6003D19F8 /* Service.swift */,
				8275D5A0227ED64F008A0816 /* APIClient.swift */,
			);
			path = Service;
			sourceTree = "<group>";
		};
		82678DEF227DCDE6003D19F8 /* Frameworks */ = {
			isa = PBXGroup;
			children = (
				82678DF0227DCDE7003D19F8 /* SDWebImage.framework */,
			);
			name = Frameworks;
			sourceTree = "<group>";
		};
		8275D590227EA6D0008A0816 /* Header */ = {
			isa = PBXGroup;
			children = (
				8275D591227EA6E8008A0816 /* AppsPageHeader.swift */,
			);
			path = Header;
			sourceTree = "<group>";
		};
		8275D597227EB07D008A0816 /* View */ = {
			isa = PBXGroup;
			children = (
				8275D5A9227EE76E008A0816 /* Detail */,
				8275D5A8227EE1B4008A0816 /* Helper */,
				82F31C9B227D77FB00E17BFD /* BaseTabBarController.swift */,
				8275D599227EB0B9008A0816 /* AppsSearch */,
				8275D598227EB0AA008A0816 /* AppsPage */,
			);
			path = View;
			sourceTree = "<group>";
		};
		8275D598227EB0AA008A0816 /* AppsPage */ = {
			isa = PBXGroup;
			children = (
				8275D590227EA6D0008A0816 /* Header */,
				82F31C9D227D83F400E17BFD /* ViewController */,
				82A18FC5227D8B01007BC7FD /* Cell */,
			);
			path = AppsPage;
			sourceTree = "<group>";
		};
		8275D599227EB0B9008A0816 /* AppsSearch */ = {
			isa = PBXGroup;
			children = (
				8275D59B227EB0F9008A0816 /* ViewController */,
				8275D59A227EB0DF008A0816 /* Cell */,
			);
			path = AppsSearch;
			sourceTree = "<group>";
		};
		8275D59A227EB0DF008A0816 /* Cell */ = {
			isa = PBXGroup;
			children = (
				82A18FC6227D8B37007BC7FD /* SearchResultCell.swift */,
			);
			path = Cell;
			sourceTree = "<group>";
		};
		8275D59B227EB0F9008A0816 /* ViewController */ = {
			isa = PBXGroup;
			children = (
				82F31C9E227D844B00E17BFD /* AppsSearchController.swift */,
			);
			path = ViewController;
			sourceTree = "<group>";
		};
		8275D5A8227EE1B4008A0816 /* Helper */ = {
			isa = PBXGroup;
			children = (
				82A18FCB227D97E8007BC7FD /* VerticalStackView.swift */,
				8275D5A2227ED8CD008A0816 /* HorizontalSnappingController.swift */,
				8275D5A6227EDE49008A0816 /* BetterSnappingLayout.swift */,
				82678DF5227E909C003D19F8 /* BaseListController.swift */,
				8275D5A4227ED934008A0816 /* SnappingLayout.swift */,
			);
			path = Helper;
			sourceTree = "<group>";
		};
		8275D5A9227EE76E008A0816 /* Detail */ = {
			isa = PBXGroup;
			children = (
				8275D5B3227F3086008A0816 /* ViewController */,
				8275D5AC227EEB3A008A0816 /* Cell */,
			);
			path = Detail;
			sourceTree = "<group>";
		};
		8275D5AC227EEB3A008A0816 /* Cell */ = {
			isa = PBXGroup;
			children = (
				8275D5AD227EEB49008A0816 /* AppDetailCell.swift */,
				8275D5B1227F2EEF008A0816 /* PreviewCell.swift */,
				8275D5B6227F322F008A0816 /* ScreenshotCell.swift */,
				8275D5B8227F3778008A0816 /* ReviewRowCell.swift */,
				8275D5BC227F3B5B008A0816 /* ReviewCell.swift */,
			);
			path = Cell;
			sourceTree = "<group>";
		};
		8275D5B3227F3086008A0816 /* ViewController */ = {
			isa = PBXGroup;
			children = (
				8275D5AA227EE78B008A0816 /* AppDetailController.swift */,
				8275D5B4227F30A0008A0816 /* PreviewScreenshotsController.swift */,
				8275D5BA227F39C9008A0816 /* ReviewsController.swift */,
			);
			path = ViewController;
			sourceTree = "<group>";
		};
		82A18FC5227D8B01007BC7FD /* Cell */ = {
			isa = PBXGroup;
			children = (
				8275D584227E931D008A0816 /* AppsGroupCell.swift */,
				8275D58A227E9D36008A0816 /* AppRowCell.swift */,
				8275D595227EACA8008A0816 /* AppsPageHeaderCell.swift */,
			);
			path = Cell;
			sourceTree = "<group>";
		};
		82A18FC8227D9355007BC7FD /* Extension */ = {
			isa = PBXGroup;
			children = (
				82A18FC9227D9388007BC7FD /* UIView+.swift */,
				8275D586227E9573008A0816 /* UILabel+.swift */,
				8275D58C227E9EB0008A0816 /* UIImageView+.swift */,
				8275D58E227E9F3D008A0816 /* UIButton+.swift */,
				8275D5AF227EF13A008A0816 /* UIStackView+.swift */,
			);
			path = Extension;
			sourceTree = "<group>";
		};
		82A18FCD227DA309007BC7FD /* Model */ = {
			isa = PBXGroup;
			children = (
				82678DEA227DA347003D19F8 /* SearchResult.swift */,
				8275D59C227EB605008A0816 /* AppFeed.swift */,
				8275D59E227EC7BB008A0816 /* SocialApp.swift */,
				8275D5BE227F3FF2008A0816 /* Reviews.swift */,
			);
			path = Model;
			sourceTree = "<group>";
		};
		82F31C7D227D73E400E17BFD = {
			isa = PBXGroup;
			children = (
				82F31C88227D73E500E17BFD /* sampleAppStore */,
				82F31C87227D73E500E17BFD /* Products */,
				82678DEF227DCDE6003D19F8 /* Frameworks */,
			);
			sourceTree = "<group>";
		};
		82F31C87227D73E500E17BFD /* Products */ = {
			isa = PBXGroup;
			children = (
				82F31C86227D73E500E17BFD /* sampleAppStore.app */,
			);
			name = Products;
			sourceTree = "<group>";
		};
		82F31C88227D73E500E17BFD /* sampleAppStore */ = {
			isa = PBXGroup;
			children = (
				82F31C89227D73E500E17BFD /* AppDelegate.swift */,
				82F31C90227D73E600E17BFD /* Assets.xcassets */,
				82A18FC8227D9355007BC7FD /* Extension */,
				82F31C95227D73E600E17BFD /* Info.plist */,
				82F31C92227D73E600E17BFD /* LaunchScreen.storyboard */,
				82F31C8D227D73E500E17BFD /* Main.storyboard */,
				82A18FCD227DA309007BC7FD /* Model */,
				82678DEC227DA6D3003D19F8 /* Service */,
				8275D597227EB07D008A0816 /* View */,
			);
			path = sampleAppStore;
			sourceTree = "<group>";
		};
		82F31C9D227D83F400E17BFD /* ViewController */ = {
			isa = PBXGroup;
			children = (
				82678DF3227E8F8C003D19F8 /* AppsPageController.swift */,
				8275D588227E985C008A0816 /* AppsHorizontalController.swift */,
				8275D593227EA88A008A0816 /* AppsPageHeaderHorizontalController.swift */,
			);
			path = ViewController;
			sourceTree = "<group>";
		};
/* End PBXGroup section */

/* Begin PBXNativeTarget section */
		82F31C85227D73E500E17BFD /* sampleAppStore */ = {
			isa = PBXNativeTarget;
			buildConfigurationList = 82F31C98227D73E600E17BFD /* Build configuration list for PBXNativeTarget "sampleAppStore" */;
			buildPhases = (
				82F31C82227D73E500E17BFD /* Sources */,
				82F31C83227D73E500E17BFD /* Frameworks */,
				82F31C84227D73E500E17BFD /* Resources */,
				82678DF2227DCDF6003D19F8 /* ShellScript */,
			);
			buildRules = (
			);
			dependencies = (
			);
			name = sampleAppStore;
			productName = sampleAppStore;
			productReference = 82F31C86227D73E500E17BFD /* sampleAppStore.app */;
			productType = "com.apple.product-type.application";
		};
/* End PBXNativeTarget section */

/* Begin PBXProject section */
		82F31C7E227D73E400E17BFD /* Project object */ = {
			isa = PBXProject;
			attributes = {
				LastSwiftUpdateCheck = 1020;
				LastUpgradeCheck = 1020;
				ORGANIZATIONNAME = "Takuma Osada";
				TargetAttributes = {
					82F31C85227D73E500E17BFD = {
						CreatedOnToolsVersion = 10.2;
					};
				};
			};
			buildConfigurationList = 82F31C81227D73E400E17BFD /* Build configuration list for PBXProject "sampleAppStore" */;
			compatibilityVersion = "Xcode 9.3";
			developmentRegion = en;
			hasScannedForEncodings = 0;
			knownRegions = (
				en,
				Base,
			);
			mainGroup = 82F31C7D227D73E400E17BFD;
			productRefGroup = 82F31C87227D73E500E17BFD /* Products */;
			projectDirPath = "";
			projectRoot = "";
			targets = (
				82F31C85227D73E500E17BFD /* sampleAppStore */,
			);
		};
/* End PBXProject section */

/* Begin PBXResourcesBuildPhase section */
		82F31C84227D73E500E17BFD /* Resources */ = {
			isa = PBXResourcesBuildPhase;
			buildActionMask = 2147483647;
			files = (
				82F31C94227D73E600E17BFD /* LaunchScreen.storyboard in Resources */,
				82F31C91227D73E600E17BFD /* Assets.xcassets in Resources */,
				82F31C8F227D73E500E17BFD /* Main.storyboard in Resources */,
			);
			runOnlyForDeploymentPostprocessing = 0;
		};
/* End PBXResourcesBuildPhase section */

/* Begin PBXShellScriptBuildPhase section */
		82678DF2227DCDF6003D19F8 /* ShellScript */ = {
			isa = PBXShellScriptBuildPhase;
			buildActionMask = 2147483647;
			files = (
			);
			inputFileListPaths = (
			);
			inputPaths = (
				"$(SRCROOT)/Carthage/Build/iOS/SDWebImage.framework",
			);
			outputFileListPaths = (
			);
			outputPaths = (
			);
			runOnlyForDeploymentPostprocessing = 0;
			shellPath = /bin/sh;
			shellScript = "/usr/local/bin/carthage copy-frameworks\n";
		};
/* End PBXShellScriptBuildPhase section */

/* Begin PBXSourcesBuildPhase section */
		82F31C82227D73E500E17BFD /* Sources */ = {
			isa = PBXSourcesBuildPhase;
			buildActionMask = 2147483647;
			files = (
				8275D5AB227EE78B008A0816 /* AppDetailController.swift in Sources */,
				8275D5BB227F39C9008A0816 /* ReviewsController.swift in Sources */,
				82A18FCC227D97E8007BC7FD /* VerticalStackView.swift in Sources */,
				8275D59F227EC7BB008A0816 /* SocialApp.swift in Sources */,
				8275D5B2227F2EEF008A0816 /* PreviewCell.swift in Sources */,
				82A18FCA227D9388007BC7FD /* UIView+.swift in Sources */,
				8275D5BF227F3FF2008A0816 /* Reviews.swift in Sources */,
				82678DEB227DA347003D19F8 /* SearchResult.swift in Sources */,
				8275D587227E9573008A0816 /* UILabel+.swift in Sources */,
				8275D5A1227ED64F008A0816 /* APIClient.swift in Sources */,
				8275D5B0227EF13A008A0816 /* UIStackView+.swift in Sources */,
				8275D58F227E9F3D008A0816 /* UIButton+.swift in Sources */,
				82678DF4227E8F8C003D19F8 /* AppsPageController.swift in Sources */,
				82F31C8A227D73E500E17BFD /* AppDelegate.swift in Sources */,
				82678DF6227E909C003D19F8 /* BaseListController.swift in Sources */,
				8275D58D227E9EB0008A0816 /* UIImageView+.swift in Sources */,
				8275D59D227EB605008A0816 /* AppFeed.swift in Sources */,
				8275D5B7227F322F008A0816 /* ScreenshotCell.swift in Sources */,
				8275D5A7227EDE49008A0816 /* BetterSnappingLayout.swift in Sources */,
				8275D594227EA88A008A0816 /* AppsPageHeaderHorizontalController.swift in Sources */,
				8275D5A5227ED934008A0816 /* SnappingLayout.swift in Sources */,
				8275D585227E931D008A0816 /* AppsGroupCell.swift in Sources */,
				82678DEE227DA6E6003D19F8 /* Service.swift in Sources */,
				8275D596227EACA8008A0816 /* AppsPageHeaderCell.swift in Sources */,
				8275D5BD227F3B5B008A0816 /* ReviewCell.swift in Sources */,
				8275D5AE227EEB49008A0816 /* AppDetailCell.swift in Sources */,
				82F31C9C227D77FB00E17BFD /* BaseTabBarController.swift in Sources */,
				8275D5B9227F3778008A0816 /* ReviewRowCell.swift in Sources */,
				82F31C9F227D844B00E17BFD /* AppsSearchController.swift in Sources */,
				82A18FC7227D8B37007BC7FD /* SearchResultCell.swift in Sources */,
				8275D592227EA6E8008A0816 /* AppsPageHeader.swift in Sources */,
				8275D5A3227ED8CD008A0816 /* HorizontalSnappingController.swift in Sources */,
				8275D589227E985C008A0816 /* AppsHorizontalController.swift in Sources */,
				8275D5B5227F30A0008A0816 /* PreviewScreenshotsController.swift in Sources */,
				8275D58B227E9D36008A0816 /* AppRowCell.swift in Sources */,
			);
			runOnlyForDeploymentPostprocessing = 0;
		};
/* End PBXSourcesBuildPhase section */

/* Begin PBXVariantGroup section */
		82F31C8D227D73E500E17BFD /* Main.storyboard */ = {
			isa = PBXVariantGroup;
			children = (
				82F31C8E227D73E500E17BFD /* Base */,
			);
			name = Main.storyboard;
			sourceTree = "<group>";
		};
		82F31C92227D73E600E17BFD /* LaunchScreen.storyboard */ = {
			isa = PBXVariantGroup;
			children = (
				82F31C93227D73E600E17BFD /* Base */,
			);
			name = LaunchScreen.storyboard;
			sourceTree = "<group>";
		};
/* End PBXVariantGroup section */

/* Begin XCBuildConfiguration section */
		82F31C96227D73E600E17BFD /* Debug */ = {
			isa = XCBuildConfiguration;
			buildSettings = {
				ALWAYS_SEARCH_USER_PATHS = NO;
				CLANG_ANALYZER_NONNULL = YES;
				CLANG_ANALYZER_NUMBER_OBJECT_CONVERSION = YES_AGGRESSIVE;
				CLANG_CXX_LANGUAGE_STANDARD = "gnu++14";
				CLANG_CXX_LIBRARY = "libc++";
				CLANG_ENABLE_MODULES = YES;
				CLANG_ENABLE_OBJC_ARC = YES;
				CLANG_ENABLE_OBJC_WEAK = YES;
				CLANG_WARN_BLOCK_CAPTURE_AUTORELEASING = YES;
				CLANG_WARN_BOOL_CONVERSION = YES;
				CLANG_WARN_COMMA = YES;
				CLANG_WARN_CONSTANT_CONVERSION = YES;
				CLANG_WARN_DEPRECATED_OBJC_IMPLEMENTATIONS = YES;
				CLANG_WARN_DIRECT_OBJC_ISA_USAGE = YES_ERROR;
				CLANG_WARN_DOCUMENTATION_COMMENTS = YES;
				CLANG_WARN_EMPTY_BODY = YES;
				CLANG_WARN_ENUM_CONVERSION = YES;
				CLANG_WARN_INFINITE_RECURSION = YES;
				CLANG_WARN_INT_CONVERSION = YES;
				CLANG_WARN_NON_LITERAL_NULL_CONVERSION = YES;
				CLANG_WARN_OBJC_IMPLICIT_RETAIN_SELF = YES;
				CLANG_WARN_OBJC_LITERAL_CONVERSION = YES;
				CLANG_WARN_OBJC_ROOT_CLASS = YES_ERROR;
				CLANG_WARN_RANGE_LOOP_ANALYSIS = YES;
				CLANG_WARN_STRICT_PROTOTYPES = YES;
				CLANG_WARN_SUSPICIOUS_MOVE = YES;
				CLANG_WARN_UNGUARDED_AVAILABILITY = YES_AGGRESSIVE;
				CLANG_WARN_UNREACHABLE_CODE = YES;
				CLANG_WARN__DUPLICATE_METHOD_MATCH = YES;
				CODE_SIGN_IDENTITY = "iPhone Developer";
				COPY_PHASE_STRIP = NO;
				DEBUG_INFORMATION_FORMAT = dwarf;
				ENABLE_STRICT_OBJC_MSGSEND = YES;
				ENABLE_TESTABILITY = YES;
				GCC_C_LANGUAGE_STANDARD = gnu11;
				GCC_DYNAMIC_NO_PIC = NO;
				GCC_NO_COMMON_BLOCKS = YES;
				GCC_OPTIMIZATION_LEVEL = 0;
				GCC_PREPROCESSOR_DEFINITIONS = (
					"DEBUG=1",
					"$(inherited)",
				);
				GCC_WARN_64_TO_32_BIT_CONVERSION = YES;
				GCC_WARN_ABOUT_RETURN_TYPE = YES_ERROR;
				GCC_WARN_UNDECLARED_SELECTOR = YES;
				GCC_WARN_UNINITIALIZED_AUTOS = YES_AGGRESSIVE;
				GCC_WARN_UNUSED_FUNCTION = YES;
				GCC_WARN_UNUSED_VARIABLE = YES;
				IPHONEOS_DEPLOYMENT_TARGET = 12.2;
				MTL_ENABLE_DEBUG_INFO = INCLUDE_SOURCE;
				MTL_FAST_MATH = YES;
				ONLY_ACTIVE_ARCH = YES;
				SDKROOT = iphoneos;
				SWIFT_ACTIVE_COMPILATION_CONDITIONS = DEBUG;
				SWIFT_OPTIMIZATION_LEVEL = "-Onone";
			};
			name = Debug;
		};
		82F31C97227D73E600E17BFD /* Release */ = {
			isa = XCBuildConfiguration;
			buildSettings = {
				ALWAYS_SEARCH_USER_PATHS = NO;
				CLANG_ANALYZER_NONNULL = YES;
				CLANG_ANALYZER_NUMBER_OBJECT_CONVERSION = YES_AGGRESSIVE;
				CLANG_CXX_LANGUAGE_STANDARD = "gnu++14";
				CLANG_CXX_LIBRARY = "libc++";
				CLANG_ENABLE_MODULES = YES;
				CLANG_ENABLE_OBJC_ARC = YES;
				CLANG_ENABLE_OBJC_WEAK = YES;
				CLANG_WARN_BLOCK_CAPTURE_AUTORELEASING = YES;
				CLANG_WARN_BOOL_CONVERSION = YES;
				CLANG_WARN_COMMA = YES;
				CLANG_WARN_CONSTANT_CONVERSION = YES;
				CLANG_WARN_DEPRECATED_OBJC_IMPLEMENTATIONS = YES;
				CLANG_WARN_DIRECT_OBJC_ISA_USAGE = YES_ERROR;
				CLANG_WARN_DOCUMENTATION_COMMENTS = YES;
				CLANG_WARN_EMPTY_BODY = YES;
				CLANG_WARN_ENUM_CONVERSION = YES;
				CLANG_WARN_INFINITE_RECURSION = YES;
				CLANG_WARN_INT_CONVERSION = YES;
				CLANG_WARN_NON_LITERAL_NULL_CONVERSION = YES;
				CLANG_WARN_OBJC_IMPLICIT_RETAIN_SELF = YES;
				CLANG_WARN_OBJC_LITERAL_CONVERSION = YES;
				CLANG_WARN_OBJC_ROOT_CLASS = YES_ERROR;
				CLANG_WARN_RANGE_LOOP_ANALYSIS = YES;
				CLANG_WARN_STRICT_PROTOTYPES = YES;
				CLANG_WARN_SUSPICIOUS_MOVE = YES;
				CLANG_WARN_UNGUARDED_AVAILABILITY = YES_AGGRESSIVE;
				CLANG_WARN_UNREACHABLE_CODE = YES;
				CLANG_WARN__DUPLICATE_METHOD_MATCH = YES;
				CODE_SIGN_IDENTITY = "iPhone Developer";
				COPY_PHASE_STRIP = NO;
				DEBUG_INFORMATION_FORMAT = "dwarf-with-dsym";
				ENABLE_NS_ASSERTIONS = NO;
				ENABLE_STRICT_OBJC_MSGSEND = YES;
				GCC_C_LANGUAGE_STANDARD = gnu11;
				GCC_NO_COMMON_BLOCKS = YES;
				GCC_WARN_64_TO_32_BIT_CONVERSION = YES;
				GCC_WARN_ABOUT_RETURN_TYPE = YES_ERROR;
				GCC_WARN_UNDECLARED_SELECTOR = YES;
				GCC_WARN_UNINITIALIZED_AUTOS = YES_AGGRESSIVE;
				GCC_WARN_UNUSED_FUNCTION = YES;
				GCC_WARN_UNUSED_VARIABLE = YES;
				IPHONEOS_DEPLOYMENT_TARGET = 12.2;
				MTL_ENABLE_DEBUG_INFO = NO;
				MTL_FAST_MATH = YES;
				SDKROOT = iphoneos;
				SWIFT_COMPILATION_MODE = wholemodule;
				SWIFT_OPTIMIZATION_LEVEL = "-O";
				VALIDATE_PRODUCT = YES;
			};
			name = Release;
		};
		82F31C99227D73E600E17BFD /* Debug */ = {
			isa = XCBuildConfiguration;
			buildSettings = {
				ASSETCATALOG_COMPILER_APPICON_NAME = AppIcon;
				CODE_SIGN_STYLE = Automatic;
				FRAMEWORK_SEARCH_PATHS = (
					"$(inherited)",
					"$(PROJECT_DIR)/Carthage/Build/iOS",
				);
				INFOPLIST_FILE = sampleAppStore/Info.plist;
				LD_RUNPATH_SEARCH_PATHS = (
					"$(inherited)",
					"@executable_path/Frameworks",
				);
				PRODUCT_BUNDLE_IDENTIFIER = com.0sataku.sampleAppStore;
				PRODUCT_NAME = "$(TARGET_NAME)";
				SWIFT_VERSION = 5.0;
				TARGETED_DEVICE_FAMILY = "1,2";
			};
			name = Debug;
		};
		82F31C9A227D73E600E17BFD /* Release */ = {
			isa = XCBuildConfiguration;
			buildSettings = {
				ASSETCATALOG_COMPILER_APPICON_NAME = AppIcon;
				CODE_SIGN_STYLE = Automatic;
				FRAMEWORK_SEARCH_PATHS = (
					"$(inherited)",
					"$(PROJECT_DIR)/Carthage/Build/iOS",
				);
				INFOPLIST_FILE = sampleAppStore/Info.plist;
				LD_RUNPATH_SEARCH_PATHS = (
					"$(inherited)",
					"@executable_path/Frameworks",
				);
				PRODUCT_BUNDLE_IDENTIFIER = com.0sataku.sampleAppStore;
				PRODUCT_NAME = "$(TARGET_NAME)";
				SWIFT_VERSION = 5.0;
				TARGETED_DEVICE_FAMILY = "1,2";
			};
			name = Release;
		};
/* End XCBuildConfiguration section */

/* Begin XCConfigurationList section */
		82F31C81227D73E400E17BFD /* Build configuration list for PBXProject "sampleAppStore" */ = {
			isa = XCConfigurationList;
			buildConfigurations = (
				82F31C96227D73E600E17BFD /* Debug */,
				82F31C97227D73E600E17BFD /* Release */,
			);
			defaultConfigurationIsVisible = 0;
			defaultConfigurationName = Release;
		};
		82F31C98227D73E600E17BFD /* Build configuration list for PBXNativeTarget "sampleAppStore" */ = {
			isa = XCConfigurationList;
			buildConfigurations = (
				82F31C99227D73E600E17BFD /* Debug */,
				82F31C9A227D73E600E17BFD /* Release */,
			);
			defaultConfigurationIsVisible = 0;
			defaultConfigurationName = Release;
		};
/* End XCConfigurationList section */
	};
	rootObject = 82F31C7E227D73E400E17BFD /* Project object */;
}
